
Microsoft Visual Studio Solution File, Format Version 12.00
# Visual Studio 15
VisualStudioVersion = 15.0.27703.2047
MinimumVisualStudioVersion = 10.0.40219.1
Project("{FAE04EC0-301F-11D3-BF4B-00C04F79EFBC}") = "Sales.Android", "Sales\Sales.Android\Sales.Android.csproj", "{E94C4CFA-2882-49D5-B0C1-79A826EF844D}"
EndProject
Project("{FAE04EC0-301F-11D3-BF4B-00C04F79EFBC}") = "Sales.iOS", "Sales\Sales.iOS\Sales.iOS.csproj", "{6085F5C8-EE44-4D2E-BDFE-1A919FDDC80E}"
EndProject
Project("{FAE04EC0-301F-11D3-BF4B-00C04F79EFBC}") = "Sales.UWP", "Sales\Sales.UWP\Sales.UWP.csproj", "{9C01C4B7-9603-429D-960F-D3AA507FAA8B}"
EndProject
Project("{FAE04EC0-301F-11D3-BF4B-00C04F79EFBC}") = "Sales", "Sales\Sales\Sales.csproj", "{20B0F59A-B916-4EC7-AD15-422B7FF19831}"
EndProject
Project("{FAE04EC0-301F-11D3-BF4B-00C04F79EFBC}") = "Sales.Backend", "Sales.Backend\Sales.Backend.csproj", "{FB89F5B6-5DEA-4DA6-9CA1-A0640F4BF82A}"
EndProject
Project("{FAE04EC0-301F-11D3-BF4B-00C04F79EFBC}") = "Sales.API", "Sales.API\Sales.API.csproj", "{99FA3656-ABC4-4D61-83B3-CF47214EF223}"
EndProject
Project("{FAE04EC0-301F-11D3-BF4B-00C04F79EFBC}") = "Sales.Domain", "Sales.Domain\Sales.Domain.csproj", "{19343F63-88D8-457F-8005-1511C0086186}"
EndProject
Project("{FAE04EC0-301F-11D3-BF4B-00C04F79EFBC}") = "Sales.Common", "Sales.Common\Sales.Common.csproj", "{E8512D40-8F01-4D1C-9CD9-9EF79170A9B9}"
EndProject
Global
	GlobalSection(SolutionConfigurationPlatforms) = preSolution
		Ad-Hoc|Any CPU = Ad-Hoc|Any CPU
		Ad-Hoc|ARM = Ad-Hoc|ARM
		Ad-Hoc|iPhone = Ad-Hoc|iPhone
		Ad-Hoc|iPhoneSimulator = Ad-Hoc|iPhoneSimulator
		Ad-Hoc|x64 = Ad-Hoc|x64
		Ad-Hoc|x86 = Ad-Hoc|x86
		AppStore|Any CPU = AppStore|Any CPU
		AppStore|ARM = AppStore|ARM
		AppStore|iPhone = AppStore|iPhone
		AppStore|iPhoneSimulator = AppStore|iPhoneSimulator
		AppStore|x64 = AppStore|x64
		AppStore|x86 = AppStore|x86
		Debug|Any CPU = Debug|Any CPU
		Debug|ARM = Debug|ARM
		Debug|iPhone = Debug|iPhone
		Debug|iPhoneSimulator = Debug|iPhoneSimulator
		Debug|x64 = Debug|x64
		Debug|x86 = Debug|x86
		Release|Any CPU = Release|Any CPU
		Release|ARM = Release|ARM
		Release|iPhone = Release|iPhone
		Release|iPhoneSimulator = Release|iPhoneSimulator
		Release|x64 = Release|x64
		Release|x86 = Release|x86
	EndGlobalSection
	GlobalSection(ProjectConfigurationPlatforms) = postSolution
		{E94C4CFA-2882-49D5-B0C1-79A826EF844D}.Ad-Hoc|Any CPU.ActiveCfg = Release|Any CPU
		{E94C4CFA-2882-49D5-B0C1-79A826EF844D}.Ad-Hoc|Any CPU.Build.0 = Release|Any CPU
		{E94C4CFA-2882-49D5-B0C1-79A826EF844D}.Ad-Hoc|Any CPU.Deploy.0 = Release|Any CPU
		{E94C4CFA-2882-49D5-B0C1-79A826EF844D}.Ad-Hoc|ARM.ActiveCfg = Release|Any CPU
		{E94C4CFA-2882-49D5-B0C1-79A826EF844D}.Ad-Hoc|ARM.Build.0 = Release|Any CPU
		{E94C4CFA-2882-49D5-B0C1-79A826EF844D}.Ad-Hoc|ARM.Deploy.0 = Release|Any CPU
		{E94C4CFA-2882-49D5-B0C1-79A826EF844D}.Ad-Hoc|iPhone.ActiveCfg = Release|Any CPU
		{E94C4CFA-2882-49D5-B0C1-79A826EF844D}.Ad-Hoc|iPhone.Build.0 = Release|Any CPU
		{E94C4CFA-2882-49D5-B0C1-79A826EF844D}.Ad-Hoc|iPhone.Deploy.0 = Release|Any CPU
		{E94C4CFA-2882-49D5-B0C1-79A826EF844D}.Ad-Hoc|iPhoneSimulator.ActiveCfg = Release|Any CPU
		{E94C4CFA-2882-49D5-B0C1-79A826EF844D}.Ad-Hoc|iPhoneSimulator.Build.0 = Release|Any CPU
		{E94C4CFA-2882-49D5-B0C1-79A826EF844D}.Ad-Hoc|iPhoneSimulator.Deploy.0 = Release|Any CPU
		{E94C4CFA-2882-49D5-B0C1-79A826EF844D}.Ad-Hoc|x64.ActiveCfg = Release|Any CPU
		{E94C4CFA-2882-49D5-B0C1-79A826EF844D}.Ad-Hoc|x64.Build.0 = Release|Any CPU
		{E94C4CFA-2882-49D5-B0C1-79A826EF844D}.Ad-Hoc|x64.Deploy.0 = Release|Any CPU
		{E94C4CFA-2882-49D5-B0C1-79A826EF844D}.Ad-Hoc|x86.ActiveCfg = Release|Any CPU
		{E94C4CFA-2882-49D5-B0C1-79A826EF844D}.Ad-Hoc|x86.Build.0 = Release|Any CPU
		{E94C4CFA-2882-49D5-B0C1-79A826EF844D}.Ad-Hoc|x86.Deploy.0 = Release|Any CPU
		{E94C4CFA-2882-49D5-B0C1-79A826EF844D}.AppStore|Any CPU.ActiveCfg = Release|Any CPU
		{E94C4CFA-2882-49D5-B0C1-79A826EF844D}.AppStore|Any CPU.Build.0 = Release|Any CPU
		{E94C4CFA-2882-49D5-B0C1-79A826EF844D}.AppStore|Any CPU.Deploy.0 = Release|Any CPU
		{E94C4CFA-2882-49D5-B0C1-79A826EF844D}.AppStore|ARM.ActiveCfg = Release|Any CPU
		{E94C4CFA-2882-49D5-B0C1-79A826EF844D}.AppStore|ARM.Build.0 = Release|Any CPU
		{E94C4CFA-2882-49D5-B0C1-79A826EF844D}.AppStore|ARM.Deploy.0 = Release|Any CPU
		{E94C4CFA-2882-49D5-B0C1-79A826EF844D}.AppStore|iPhone.ActiveCfg = Release|Any CPU
		{E94C4CFA-2882-49D5-B0C1-79A826EF844D}.AppStore|iPhone.Build.0 = Release|Any CPU
		{E94C4CFA-2882-49D5-B0C1-79A826EF844D}.AppStore|iPhone.Deploy.0 = Release|Any CPU
		{E94C4CFA-2882-49D5-B0C1-79A826EF844D}.AppStore|iPhoneSimulator.ActiveCfg = Release|Any CPU
		{E94C4CFA-2882-49D5-B0C1-79A826EF844D}.AppStore|iPhoneSimulator.Build.0 = Release|Any CPU
		{E94C4CFA-2882-49D5-B0C1-79A826EF844D}.AppStore|iPhoneSimulator.Deploy.0 = Release|Any CPU
		{E94C4CFA-2882-49D5-B0C1-79A826EF844D}.AppStore|x64.ActiveCfg = Release|Any CPU
		{E94C4CFA-2882-49D5-B0C1-79A826EF844D}.AppStore|x64.Build.0 = Release|Any CPU
		{E94C4CFA-2882-49D5-B0C1-79A826EF844D}.AppStore|x64.Deploy.0 = Release|Any CPU
		{E94C4CFA-2882-49D5-B0C1-79A826EF844D}.AppStore|x86.ActiveCfg = Release|Any CPU
		{E94C4CFA-2882-49D5-B0C1-79A826EF844D}.AppStore|x86.Build.0 = Release|Any CPU
		{E94C4CFA-2882-49D5-B0C1-79A826EF844D}.AppStore|x86.Deploy.0 = Release|Any CPU
		{E94C4CFA-2882-49D5-B0C1-79A826EF844D}.Debug|Any CPU.ActiveCfg = Debug|Any CPU
		{E94C4CFA-2882-49D5-B0C1-79A826EF844D}.Debug|Any CPU.Build.0 = Debug|Any CPU
		{E94C4CFA-2882-49D5-B0C1-79A826EF844D}.Debug|Any CPU.Deploy.0 = Debug|Any CPU
		{E94C4CFA-2882-49D5-B0C1-79A826EF844D}.Debug|ARM.ActiveCfg = Debug|Any CPU
		{E94C4CFA-2882-49D5-B0C1-79A826EF844D}.Debug|ARM.Build.0 = Debug|Any CPU
		{E94C4CFA-2882-49D5-B0C1-79A826EF844D}.Debug|ARM.Deploy.0 = Debug|Any CPU
		{E94C4CFA-2882-49D5-B0C1-79A826EF844D}.Debug|iPhone.ActiveCfg = Debug|Any CPU
		{E94C4CFA-2882-49D5-B0C1-79A826EF844D}.Debug|iPhone.Build.0 = Debug|Any CPU
		{E94C4CFA-2882-49D5-B0C1-79A826EF844D}.Debug|iPhone.Deploy.0 = Debug|Any CPU
		{E94C4CFA-2882-49D5-B0C1-79A826EF844D}.Debug|iPhoneSimulator.ActiveCfg = Debug|Any CPU
		{E94C4CFA-2882-49D5-B0C1-79A826EF844D}.Debug|iPhoneSimulator.Build.0 = Debug|Any CPU
		{E94C4CFA-2882-49D5-B0C1-79A826EF844D}.Debug|iPhoneSimulator.Deploy.0 = Debug|Any CPU
		{E94C4CFA-2882-49D5-B0C1-79A826EF844D}.Debug|x64.ActiveCfg = Debug|Any CPU
		{E94C4CFA-2882-49D5-B0C1-79A826EF844D}.Debug|x64.Build.0 = Debug|Any CPU
		{E94C4CFA-2882-49D5-B0C1-79A826EF844D}.Debug|x64.Deploy.0 = Debug|Any CPU
		{E94C4CFA-2882-49D5-B0C1-79A826EF844D}.Debug|x86.ActiveCfg = Debug|Any CPU
		{E94C4CFA-2882-49D5-B0C1-79A826EF844D}.Debug|x86.Build.0 = Debug|Any CPU
		{E94C4CFA-2882-49D5-B0C1-79A826EF844D}.Debug|x86.Deploy.0 = Debug|Any CPU
		{E94C4CFA-2882-49D5-B0C1-79A826EF844D}.Release|Any CPU.ActiveCfg = Release|Any CPU
		{E94C4CFA-2882-49D5-B0C1-79A826EF844D}.Release|Any CPU.Build.0 = Release|Any CPU
		{E94C4CFA-2882-49D5-B0C1-79A826EF844D}.Release|Any CPU.Deploy.0 = Release|Any CPU
		{E94C4CFA-2882-49D5-B0C1-79A826EF844D}.Release|ARM.ActiveCfg = Release|Any CPU
		{E94C4CFA-2882-49D5-B0C1-79A826EF844D}.Release|ARM.Build.0 = Release|Any CPU
		{E94C4CFA-2882-49D5-B0C1-79A826EF844D}.Release|ARM.Deploy.0 = Release|Any CPU
		{E94C4CFA-2882-49D5-B0C1-79A826EF844D}.Release|iPhone.ActiveCfg = Release|Any CPU
		{E94C4CFA-2882-49D5-B0C1-79A826EF844D}.Release|iPhone.Build.0 = Release|Any CPU
		{E94C4CFA-2882-49D5-B0C1-79A826EF844D}.Release|iPhone.Deploy.0 = Release|Any CPU
		{E94C4CFA-2882-49D5-B0C1-79A826EF844D}.Release|iPhoneSimulator.ActiveCfg = Release|Any CPU
		{E94C4CFA-2882-49D5-B0C1-79A826EF844D}.Release|iPhoneSimulator.Build.0 = Release|Any CPU
		{E94C4CFA-2882-49D5-B0C1-79A826EF844D}.Release|iPhoneSimulator.Deploy.0 = Release|Any CPU
		{E94C4CFA-2882-49D5-B0C1-79A826EF844D}.Release|x64.ActiveCfg = Release|Any CPU
		{E94C4CFA-2882-49D5-B0C1-79A826EF844D}.Release|x64.Build.0 = Release|Any CPU
		{E94C4CFA-2882-49D5-B0C1-79A826EF844D}.Release|x64.Deploy.0 = Release|Any CPU
		{E94C4CFA-2882-49D5-B0C1-79A826EF844D}.Release|x86.ActiveCfg = Release|Any CPU
		{E94C4CFA-2882-49D5-B0C1-79A826EF844D}.Release|x86.Build.0 = Release|Any CPU
		{E94C4CFA-2882-49D5-B0C1-79A826EF844D}.Release|x86.Deploy.0 = Release|Any CPU
		{6085F5C8-EE44-4D2E-BDFE-1A919FDDC80E}.Ad-Hoc|Any CPU.ActiveCfg = Ad-Hoc|iPhone
		{6085F5C8-EE44-4D2E-BDFE-1A919FDDC80E}.Ad-Hoc|Any CPU.Build.0 = Ad-Hoc|iPhone
		{6085F5C8-EE44-4D2E-BDFE-1A919FDDC80E}.Ad-Hoc|Any CPU.Deploy.0 = Ad-Hoc|iPhone
		{6085F5C8-EE44-4D2E-BDFE-1A919FDDC80E}.Ad-Hoc|ARM.ActiveCfg = Ad-Hoc|iPhone
		{6085F5C8-EE44-4D2E-BDFE-1A919FDDC80E}.Ad-Hoc|ARM.Build.0 = Ad-Hoc|iPhone
		{6085F5C8-EE44-4D2E-BDFE-1A919FDDC80E}.Ad-Hoc|ARM.Deploy.0 = Ad-Hoc|iPhone
		{6085F5C8-EE44-4D2E-BDFE-1A919FDDC80E}.Ad-Hoc|iPhone.ActiveCfg = Ad-Hoc|iPhone
		{6085F5C8-EE44-4D2E-BDFE-1A919FDDC80E}.Ad-Hoc|iPhone.Build.0 = Ad-Hoc|iPhone
		{6085F5C8-EE44-4D2E-BDFE-1A919FDDC80E}.Ad-Hoc|iPhone.Deploy.0 = Ad-Hoc|iPhone
		{6085F5C8-EE44-4D2E-BDFE-1A919FDDC80E}.Ad-Hoc|iPhoneSimulator.ActiveCfg = Ad-Hoc|iPhoneSimulator
		{6085F5C8-EE44-4D2E-BDFE-1A919FDDC80E}.Ad-Hoc|iPhoneSimulator.Build.0 = Ad-Hoc|iPhoneSimulator
		{6085F5C8-EE44-4D2E-BDFE-1A919FDDC80E}.Ad-Hoc|iPhoneSimulator.Deploy.0 = Ad-Hoc|iPhoneSimulator
		{6085F5C8-EE44-4D2E-BDFE-1A919FDDC80E}.Ad-Hoc|x64.ActiveCfg = Ad-Hoc|iPhone
		{6085F5C8-EE44-4D2E-BDFE-1A919FDDC80E}.Ad-Hoc|x64.Build.0 = Ad-Hoc|iPhone
		{6085F5C8-EE44-4D2E-BDFE-1A919FDDC80E}.Ad-Hoc|x64.Deploy.0 = Ad-Hoc|iPhone
		{6085F5C8-EE44-4D2E-BDFE-1A919FDDC80E}.Ad-Hoc|x86.ActiveCfg = Ad-Hoc|iPhone
		{6085F5C8-EE44-4D2E-BDFE-1A919FDDC80E}.Ad-Hoc|x86.Build.0 = Ad-Hoc|iPhone
		{6085F5C8-EE44-4D2E-BDFE-1A919FDDC80E}.Ad-Hoc|x86.Deploy.0 = Ad-Hoc|iPhone
		{6085F5C8-EE44-4D2E-BDFE-1A919FDDC80E}.AppStore|Any CPU.ActiveCfg = AppStore|iPhone
		{6085F5C8-EE44-4D2E-BDFE-1A919FDDC80E}.AppStore|Any CPU.Build.0 = AppStore|iPhone
		{6085F5C8-EE44-4D2E-BDFE-1A919FDDC80E}.AppStore|Any CPU.Deploy.0 = AppStore|iPhone
		{6085F5C8-EE44-4D2E-BDFE-1A919FDDC80E}.AppStore|ARM.ActiveCfg = AppStore|iPhone
		{6085F5C8-EE44-4D2E-BDFE-1A919FDDC80E}.AppStore|ARM.Build.0 = AppStore|iPhone
		{6085F5C8-EE44-4D2E-BDFE-1A919FDDC80E}.AppStore|ARM.Deploy.0 = AppStore|iPhone
		{6085F5C8-EE44-4D2E-BDFE-1A919FDDC80E}.AppStore|iPhone.ActiveCfg = AppStore|iPhone
		{6085F5C8-EE44-4D2E-BDFE-1A919FDDC80E}.AppStore|iPhone.Build.0 = AppStore|iPhone
		{6085F5C8-EE44-4D2E-BDFE-1A919FDDC80E}.AppStore|iPhone.Deploy.0 = AppStore|iPhone
		{6085F5C8-EE44-4D2E-BDFE-1A919FDDC80E}.AppStore|iPhoneSimulator.ActiveCfg = AppStore|iPhoneSimulator
		{6085F5C8-EE44-4D2E-BDFE-1A919FDDC80E}.AppStore|iPhoneSimulator.Build.0 = AppStore|iPhoneSimulator
		{6085F5C8-EE44-4D2E-BDFE-1A919FDDC80E}.AppStore|iPhoneSimulator.Deploy.0 = AppStore|iPhoneSimulator
		{6085F5C8-EE44-4D2E-BDFE-1A919FDDC80E}.AppStore|x64.ActiveCfg = AppStore|iPhone
		{6085F5C8-EE44-4D2E-BDFE-1A919FDDC80E}.AppStore|x64.Build.0 = AppStore|iPhone
		{6085F5C8-EE44-4D2E-BDFE-1A919FDDC80E}.AppStore|x64.Deploy.0 = AppStore|iPhone
		{6085F5C8-EE44-4D2E-BDFE-1A919FDDC80E}.AppStore|x86.ActiveCfg = AppStore|iPhone
		{6085F5C8-EE44-4D2E-BDFE-1A919FDDC80E}.AppStore|x86.Build.0 = AppStore|iPhone
		{6085F5C8-EE44-4D2E-BDFE-1A919FDDC80E}.AppStore|x86.Deploy.0 = AppStore|iPhone
		{6085F5C8-EE44-4D2E-BDFE-1A919FDDC80E}.Debug|Any CPU.ActiveCfg = Debug|iPhoneSimulator
		{6085F5C8-EE44-4D2E-BDFE-1A919FDDC80E}.Debug|Any CPU.Build.0 = Debug|iPhoneSimulator
		{6085F5C8-EE44-4D2E-BDFE-1A919FDDC80E}.Debug|Any CPU.Deploy.0 = Debug|iPhoneSimulator
		{6085F5C8-EE44-4D2E-BDFE-1A919FDDC80E}.Debug|ARM.ActiveCfg = Debug|iPhone
		{6085F5C8-EE44-4D2E-BDFE-1A919FDDC80E}.Debug|ARM.Build.0 = Debug|iPhone
		{6085F5C8-EE44-4D2E-BDFE-1A919FDDC80E}.Debug|ARM.Deploy.0 = Debug|iPhone
		{6085F5C8-EE44-4D2E-BDFE-1A919FDDC80E}.Debug|iPhone.ActiveCfg = Debug|iPhone
		{6085F5C8-EE44-4D2E-BDFE-1A919FDDC80E}.Debug|iPhone.Build.0 = Debug|iPhone
		{6085F5C8-EE44-4D2E-BDFE-1A919FDDC80E}.Debug|iPhone.Deploy.0 = Debug|iPhone
		{6085F5C8-EE44-4D2E-BDFE-1A919FDDC80E}.Debug|iPhoneSimulator.ActiveCfg = Debug|iPhoneSimulator
		{6085F5C8-EE44-4D2E-BDFE-1A919FDDC80E}.Debug|iPhoneSimulator.Build.0 = Debug|iPhoneSimulator
		{6085F5C8-EE44-4D2E-BDFE-1A919FDDC80E}.Debug|iPhoneSimulator.Deploy.0 = Debug|iPhoneSimulator
		{6085F5C8-EE44-4D2E-BDFE-1A919FDDC80E}.Debug|x64.ActiveCfg = Debug|iPhone
		{6085F5C8-EE44-4D2E-BDFE-1A919FDDC80E}.Debug|x64.Build.0 = Debug|iPhone
		{6085F5C8-EE44-4D2E-BDFE-1A919FDDC80E}.Debug|x64.Deploy.0 = Debug|iPhone
		{6085F5C8-EE44-4D2E-BDFE-1A919FDDC80E}.Debug|x86.ActiveCfg = Debug|iPhone
		{6085F5C8-EE44-4D2E-BDFE-1A919FDDC80E}.Debug|x86.Build.0 = Debug|iPhone
		{6085F5C8-EE44-4D2E-BDFE-1A919FDDC80E}.Debug|x86.Deploy.0 = Debug|iPhone
		{6085F5C8-EE44-4D2E-BDFE-1A919FDDC80E}.Release|Any CPU.ActiveCfg = Release|iPhone
		{6085F5C8-EE44-4D2E-BDFE-1A919FDDC80E}.Release|Any CPU.Build.0 = Release|iPhone
		{6085F5C8-EE44-4D2E-BDFE-1A919FDDC80E}.Release|Any CPU.Deploy.0 = Release|iPhone
		{6085F5C8-EE44-4D2E-BDFE-1A919FDDC80E}.Release|ARM.ActiveCfg = Release|iPhone
		{6085F5C8-EE44-4D2E-BDFE-1A919FDDC80E}.Release|ARM.Build.0 = Release|iPhone
		{6085F5C8-EE44-4D2E-BDFE-1A919FDDC80E}.Release|ARM.Deploy.0 = Release|iPhone
		{6085F5C8-EE44-4D2E-BDFE-1A919FDDC80E}.Release|iPhone.ActiveCfg = Release|iPhone
		{6085F5C8-EE44-4D2E-BDFE-1A919FDDC80E}.Release|iPhone.Build.0 = Release|iPhone
		{6085F5C8-EE44-4D2E-BDFE-1A919FDDC80E}.Release|iPhone.Deploy.0 = Release|iPhone
		{6085F5C8-EE44-4D2E-BDFE-1A919FDDC80E}.Release|iPhoneSimulator.ActiveCfg = Release|iPhoneSimulator
		{6085F5C8-EE44-4D2E-BDFE-1A919FDDC80E}.Release|iPhoneSimulator.Build.0 = Release|iPhoneSimulator
		{6085F5C8-EE44-4D2E-BDFE-1A919FDDC80E}.Release|iPhoneSimulator.Deploy.0 = Release|iPhoneSimulator
		{6085F5C8-EE44-4D2E-BDFE-1A919FDDC80E}.Release|x64.ActiveCfg = Release|iPhone
		{6085F5C8-EE44-4D2E-BDFE-1A919FDDC80E}.Release|x64.Build.0 = Release|iPhone
		{6085F5C8-EE44-4D2E-BDFE-1A919FDDC80E}.Release|x64.Deploy.0 = Release|iPhone
		{6085F5C8-EE44-4D2E-BDFE-1A919FDDC80E}.Release|x86.ActiveCfg = Release|iPhone
		{6085F5C8-EE44-4D2E-BDFE-1A919FDDC80E}.Release|x86.Build.0 = Release|iPhone
		{6085F5C8-EE44-4D2E-BDFE-1A919FDDC80E}.Release|x86.Deploy.0 = Release|iPhone
		{9C01C4B7-9603-429D-960F-D3AA507FAA8B}.Ad-Hoc|Any CPU.ActiveCfg = Release|x86
		{9C01C4B7-9603-429D-960F-D3AA507FAA8B}.Ad-Hoc|Any CPU.Build.0 = Release|x86
		{9C01C4B7-9603-429D-960F-D3AA507FAA8B}.Ad-Hoc|Any CPU.Deploy.0 = Release|x86
		{9C01C4B7-9603-429D-960F-D3AA507FAA8B}.Ad-Hoc|ARM.ActiveCfg = Release|ARM
		{9C01C4B7-9603-429D-960F-D3AA507FAA8B}.Ad-Hoc|ARM.Build.0 = Release|ARM
		{9C01C4B7-9603-429D-960F-D3AA507FAA8B}.Ad-Hoc|ARM.Deploy.0 = Release|ARM
		{9C01C4B7-9603-429D-960F-D3AA507FAA8B}.Ad-Hoc|iPhone.ActiveCfg = Release|x86
		{9C01C4B7-9603-429D-960F-D3AA507FAA8B}.Ad-Hoc|iPhone.Build.0 = Release|x86
		{9C01C4B7-9603-429D-960F-D3AA507FAA8B}.Ad-Hoc|iPhone.Deploy.0 = Release|x86
		{9C01C4B7-9603-429D-960F-D3AA507FAA8B}.Ad-Hoc|iPhoneSimulator.ActiveCfg = Release|x86
		{9C01C4B7-9603-429D-960F-D3AA507FAA8B}.Ad-Hoc|iPhoneSimulator.Build.0 = Release|x86
		{9C01C4B7-9603-429D-960F-D3AA507FAA8B}.Ad-Hoc|iPhoneSimulator.Deploy.0 = Release|x86
		{9C01C4B7-9603-429D-960F-D3AA507FAA8B}.Ad-Hoc|x64.ActiveCfg = Release|x64
		{9C01C4B7-9603-429D-960F-D3AA507FAA8B}.Ad-Hoc|x64.Build.0 = Release|x64
		{9C01C4B7-9603-429D-960F-D3AA507FAA8B}.Ad-Hoc|x64.Deploy.0 = Release|x64
		{9C01C4B7-9603-429D-960F-D3AA507FAA8B}.Ad-Hoc|x86.ActiveCfg = Release|x86
		{9C01C4B7-9603-429D-960F-D3AA507FAA8B}.Ad-Hoc|x86.Build.0 = Release|x86
		{9C01C4B7-9603-429D-960F-D3AA507FAA8B}.Ad-Hoc|x86.Deploy.0 = Release|x86
		{9C01C4B7-9603-429D-960F-D3AA507FAA8B}.AppStore|Any CPU.ActiveCfg = Release|x86
		{9C01C4B7-9603-429D-960F-D3AA507FAA8B}.AppStore|Any CPU.Build.0 = Release|x86
		{9C01C4B7-9603-429D-960F-D3AA507FAA8B}.AppStore|Any CPU.Deploy.0 = Release|x86
		{9C01C4B7-9603-429D-960F-D3AA507FAA8B}.AppStore|ARM.ActiveCfg = Release|ARM
		{9C01C4B7-9603-429D-960F-D3AA507FAA8B}.AppStore|ARM.Build.0 = Release|ARM
		{9C01C4B7-9603-429D-960F-D3AA507FAA8B}.AppStore|ARM.Deploy.0 = Release|ARM
		{9C01C4B7-9603-429D-960F-D3AA507FAA8B}.AppStore|iPhone.ActiveCfg = Release|x86
		{9C01C4B7-9603-429D-960F-D3AA507FAA8B}.AppStore|iPhone.Build.0 = Release|x86
		{9C01C4B7-9603-429D-960F-D3AA507FAA8B}.AppStore|iPhone.Deploy.0 = Release|x86
		{9C01C4B7-9603-429D-960F-D3AA507FAA8B}.AppStore|iPhoneSimulator.ActiveCfg = Release|x86
		{9C01C4B7-9603-429D-960F-D3AA507FAA8B}.AppStore|iPhoneSimulator.Build.0 = Release|x86
		{9C01C4B7-9603-429D-960F-D3AA507FAA8B}.AppStore|iPhoneSimulator.Deploy.0 = Release|x86
		{9C01C4B7-9603-429D-960F-D3AA507FAA8B}.AppStore|x64.ActiveCfg = Release|x64
		{9C01C4B7-9603-429D-960F-D3AA507FAA8B}.AppStore|x64.Build.0 = Release|x64
		{9C01C4B7-9603-429D-960F-D3AA507FAA8B}.AppStore|x64.Deploy.0 = Release|x64
		{9C01C4B7-9603-429D-960F-D3AA507FAA8B}.AppStore|x86.ActiveCfg = Release|x86
		{9C01C4B7-9603-429D-960F-D3AA507FAA8B}.AppStore|x86.Build.0 = Release|x86
		{9C01C4B7-9603-429D-960F-D3AA507FAA8B}.AppStore|x86.Deploy.0 = Release|x86
		{9C01C4B7-9603-429D-960F-D3AA507FAA8B}.Debug|Any CPU.ActiveCfg = Debug|x86
		{9C01C4B7-9603-429D-960F-D3AA507FAA8B}.Debug|Any CPU.Build.0 = Debug|x86
		{9C01C4B7-9603-429D-960F-D3AA507FAA8B}.Debug|Any CPU.Deploy.0 = Debug|x86
		{9C01C4B7-9603-429D-960F-D3AA507FAA8B}.Debug|ARM.ActiveCfg = Debug|ARM
		{9C01C4B7-9603-429D-960F-D3AA507FAA8B}.Debug|ARM.Build.0 = Debug|ARM
		{9C01C4B7-9603-429D-960F-D3AA507FAA8B}.Debug|ARM.Deploy.0 = Debug|ARM
		{9C01C4B7-9603-429D-960F-D3AA507FAA8B}.Debug|iPhone.ActiveCfg = Debug|x86
		{9C01C4B7-9603-429D-960F-D3AA507FAA8B}.Debug|iPhone.Build.0 = Debug|x86
		{9C01C4B7-9603-429D-960F-D3AA507FAA8B}.Debug|iPhone.Deploy.0 = Debug|x86
		{9C01C4B7-9603-429D-960F-D3AA507FAA8B}.Debug|iPhoneSimulator.ActiveCfg = Debug|x86
		{9C01C4B7-9603-429D-960F-D3AA507FAA8B}.Debug|iPhoneSimulator.Build.0 = Debug|x86
		{9C01C4B7-9603-429D-960F-D3AA507FAA8B}.Debug|iPhoneSimulator.Deploy.0 = Debug|x86
		{9C01C4B7-9603-429D-960F-D3AA507FAA8B}.Debug|x64.ActiveCfg = Debug|x64
		{9C01C4B7-9603-429D-960F-D3AA507FAA8B}.Debug|x64.Build.0 = Debug|x64
		{9C01C4B7-9603-429D-960F-D3AA507FAA8B}.Debug|x64.Deploy.0 = Debug|x64
		{9C01C4B7-9603-429D-960F-D3AA507FAA8B}.Debug|x86.ActiveCfg = Debug|x86
		{9C01C4B7-9603-429D-960F-D3AA507FAA8B}.Debug|x86.Build.0 = Debug|x86
		{9C01C4B7-9603-429D-960F-D3AA507FAA8B}.Debug|x86.Deploy.0 = Debug|x86
		{9C01C4B7-9603-429D-960F-D3AA507FAA8B}.Release|Any CPU.ActiveCfg = Release|x86
		{9C01C4B7-9603-429D-960F-D3AA507FAA8B}.Release|Any CPU.Build.0 = Release|x86
		{9C01C4B7-9603-429D-960F-D3AA507FAA8B}.Release|Any CPU.Deploy.0 = Release|x86
		{9C01C4B7-9603-429D-960F-D3AA507FAA8B}.Release|ARM.ActiveCfg = Release|ARM
		{9C01C4B7-9603-429D-960F-D3AA507FAA8B}.Release|ARM.Build.0 = Release|ARM
		{9C01C4B7-9603-429D-960F-D3AA507FAA8B}.Release|ARM.Deploy.0 = Release|ARM
		{9C01C4B7-9603-429D-960F-D3AA507FAA8B}.Release|iPhone.ActiveCfg = Release|x86
		{9C01C4B7-9603-429D-960F-D3AA507FAA8B}.Release|iPhone.Build.0 = Release|x86
		{9C01C4B7-9603-429D-960F-D3AA507FAA8B}.Release|iPhone.Deploy.0 = Release|x86
		{9C01C4B7-9603-429D-960F-D3AA507FAA8B}.Release|iPhoneSimulator.ActiveCfg = Release|x86
		{9C01C4B7-9603-429D-960F-D3AA507FAA8B}.Release|iPhoneSimulator.Build.0 = Release|x86
		{9C01C4B7-9603-429D-960F-D3AA507FAA8B}.Release|iPhoneSimulator.Deploy.0 = Release|x86
		{9C01C4B7-9603-429D-960F-D3AA507FAA8B}.Release|x64.ActiveCfg = Release|x64
		{9C01C4B7-9603-429D-960F-D3AA507FAA8B}.Release|x64.Build.0 = Release|x64
		{9C01C4B7-9603-429D-960F-D3AA507FAA8B}.Release|x64.Deploy.0 = Release|x64
		{9C01C4B7-9603-429D-960F-D3AA507FAA8B}.Release|x86.ActiveCfg = Release|x86
		{9C01C4B7-9603-429D-960F-D3AA507FAA8B}.Release|x86.Build.0 = Release|x86
		{9C01C4B7-9603-429D-960F-D3AA507FAA8B}.Release|x86.Deploy.0 = Release|x86
		{20B0F59A-B916-4EC7-AD15-422B7FF19831}.Ad-Hoc|Any CPU.ActiveCfg = Debug|Any CPU
		{20B0F59A-B916-4EC7-AD15-422B7FF19831}.Ad-Hoc|Any CPU.Build.0 = Debug|Any CPU
		{20B0F59A-B916-4EC7-AD15-422B7FF19831}.Ad-Hoc|Any CPU.Deploy.0 = Debug|Any CPU
		{20B0F59A-B916-4EC7-AD15-422B7FF19831}.Ad-Hoc|ARM.ActiveCfg = Debug|Any CPU
		{20B0F59A-B916-4EC7-AD15-422B7FF19831}.Ad-Hoc|ARM.Build.0 = Debug|Any CPU
		{20B0F59A-B916-4EC7-AD15-422B7FF19831}.Ad-Hoc|ARM.Deploy.0 = Debug|Any CPU
		{20B0F59A-B916-4EC7-AD15-422B7FF19831}.Ad-Hoc|iPhone.ActiveCfg = Debug|Any CPU
		{20B0F59A-B916-4EC7-AD15-422B7FF19831}.Ad-Hoc|iPhone.Build.0 = Debug|Any CPU
		{20B0F59A-B916-4EC7-AD15-422B7FF19831}.Ad-Hoc|iPhone.Deploy.0 = Debug|Any CPU
		{20B0F59A-B916-4EC7-AD15-422B7FF19831}.Ad-Hoc|iPhoneSimulator.ActiveCfg = Debug|Any CPU
		{20B0F59A-B916-4EC7-AD15-422B7FF19831}.Ad-Hoc|iPhoneSimulator.Build.0 = Debug|Any CPU
		{20B0F59A-B916-4EC7-AD15-422B7FF19831}.Ad-Hoc|iPhoneSimulator.Deploy.0 = Debug|Any CPU
		{20B0F59A-B916-4EC7-AD15-422B7FF19831}.Ad-Hoc|x64.ActiveCfg = Debug|Any CPU
		{20B0F59A-B916-4EC7-AD15-422B7FF19831}.Ad-Hoc|x64.Build.0 = Debug|Any CPU
		{20B0F59A-B916-4EC7-AD15-422B7FF19831}.Ad-Hoc|x64.Deploy.0 = Debug|Any CPU
		{20B0F59A-B916-4EC7-AD15-422B7FF19831}.Ad-Hoc|x86.ActiveCfg = Debug|Any CPU
		{20B0F59A-B916-4EC7-AD15-422B7FF19831}.Ad-Hoc|x86.Build.0 = Debug|Any CPU
		{20B0F59A-B916-4EC7-AD15-422B7FF19831}.Ad-Hoc|x86.Deploy.0 = Debug|Any CPU
		{20B0F59A-B916-4EC7-AD15-422B7FF19831}.AppStore|Any CPU.ActiveCfg = Debug|Any CPU
		{20B0F59A-B916-4EC7-AD15-422B7FF19831}.AppStore|Any CPU.Build.0 = Debug|Any CPU
		{20B0F59A-B916-4EC7-AD15-422B7FF19831}.AppStore|Any CPU.Deploy.0 = Debug|Any CPU
		{20B0F59A-B916-4EC7-AD15-422B7FF19831}.AppStore|ARM.ActiveCfg = Debug|Any CPU
		{20B0F59A-B916-4EC7-AD15-422B7FF19831}.AppStore|ARM.Build.0 = Debug|Any CPU
		{20B0F59A-B916-4EC7-AD15-422B7FF19831}.AppStore|ARM.Deploy.0 = Debug|Any CPU
		{20B0F59A-B916-4EC7-AD15-422B7FF19831}.AppStore|iPhone.ActiveCfg = Debug|Any CPU
		{20B0F59A-B916-4EC7-AD15-422B7FF19831}.AppStore|iPhone.Build.0 = Debug|Any CPU
		{20B0F59A-B916-4EC7-AD15-422B7FF19831}.AppStore|iPhone.Deploy.0 = Debug|Any CPU
		{20B0F59A-B916-4EC7-AD15-422B7FF19831}.AppStore|iPhoneSimulator.ActiveCfg = Debug|Any CPU
		{20B0F59A-B916-4EC7-AD15-422B7FF19831}.AppStore|iPhoneSimulator.Build.0 = Debug|Any CPU
		{20B0F59A-B916-4EC7-AD15-422B7FF19831}.AppStore|iPhoneSimulator.Deploy.0 = Debug|Any CPU
		{20B0F59A-B916-4EC7-AD15-422B7FF19831}.AppStore|x64.ActiveCfg = Debug|Any CPU
		{20B0F59A-B916-4EC7-AD15-422B7FF19831}.AppStore|x64.Build.0 = Debug|Any CPU
		{20B0F59A-B916-4EC7-AD15-422B7FF19831}.AppStore|x64.Deploy.0 = Debug|Any CPU
		{20B0F59A-B916-4EC7-AD15-422B7FF19831}.AppStore|x86.ActiveCfg = Debug|Any CPU
		{20B0F59A-B916-4EC7-AD15-422B7FF19831}.AppStore|x86.Build.0 = Debug|Any CPU
		{20B0F59A-B916-4EC7-AD15-422B7FF19831}.AppStore|x86.Deploy.0 = Debug|Any CPU
		{20B0F59A-B916-4EC7-AD15-422B7FF19831}.Debug|Any CPU.ActiveCfg = Debug|Any CPU
		{20B0F59A-B916-4EC7-AD15-422B7FF19831}.Debug|Any CPU.Build.0 = Debug|Any CPU
		{20B0F59A-B916-4EC7-AD15-422B7FF19831}.Debug|Any CPU.Deploy.0 = Debug|Any CPU
		{20B0F59A-B916-4EC7-AD15-422B7FF19831}.Debug|ARM.ActiveCfg = Debug|Any CPU
		{20B0F59A-B916-4EC7-AD15-422B7FF19831}.Debug|ARM.Build.0 = Debug|Any CPU
		{20B0F59A-B916-4EC7-AD15-422B7FF19831}.Debug|ARM.Deploy.0 = Debug|Any CPU
		{20B0F59A-B916-4EC7-AD15-422B7FF19831}.Debug|iPhone.ActiveCfg = Debug|Any CPU
		{20B0F59A-B916-4EC7-AD15-422B7FF19831}.Debug|iPhone.Build.0 = Debug|Any CPU
		{20B0F59A-B916-4EC7-AD15-422B7FF19831}.Debug|iPhone.Deploy.0 = Debug|Any CPU
		{20B0F59A-B916-4EC7-AD15-422B7FF19831}.Debug|iPhoneSimulator.ActiveCfg = Debug|Any CPU
		{20B0F59A-B916-4EC7-AD15-422B7FF19831}.Debug|iPhoneSimulator.Build.0 = Debug|Any CPU
		{20B0F59A-B916-4EC7-AD15-422B7FF19831}.Debug|iPhoneSimulator.Deploy.0 = Debug|Any CPU
		{20B0F59A-B916-4EC7-AD15-422B7FF19831}.Debug|x64.ActiveCfg = Debug|Any CPU
		{20B0F59A-B916-4EC7-AD15-422B7FF19831}.Debug|x64.Build.0 = Debug|Any CPU
		{20B0F59A-B916-4EC7-AD15-422B7FF19831}.Debug|x64.Deploy.0 = Debug|Any CPU
		{20B0F59A-B916-4EC7-AD15-422B7FF19831}.Debug|x86.ActiveCfg = Debug|Any CPU
		{20B0F59A-B916-4EC7-AD15-422B7FF19831}.Debug|x86.Build.0 = Debug|Any CPU
		{20B0F59A-B916-4EC7-AD15-422B7FF19831}.Debug|x86.Deploy.0 = Debug|Any CPU
		{20B0F59A-B916-4EC7-AD15-422B7FF19831}.Release|Any CPU.ActiveCfg = Release|Any CPU
		{20B0F59A-B916-4EC7-AD15-422B7FF19831}.Release|Any CPU.Build.0 = Release|Any CPU
		{20B0F59A-B916-4EC7-AD15-422B7FF19831}.Release|Any CPU.Deploy.0 = Release|Any CPU
		{20B0F59A-B916-4EC7-AD15-422B7FF19831}.Release|ARM.ActiveCfg = Release|Any CPU
		{20B0F59A-B916-4EC7-AD15-422B7FF19831}.Release|ARM.Build.0 = Release|Any CPU
		{20B0F59A-B916-4EC7-AD15-422B7FF19831}.Release|ARM.Deploy.0 = Release|Any CPU
		{20B0F59A-B916-4EC7-AD15-422B7FF19831}.Release|iPhone.ActiveCfg = Release|Any CPU
		{20B0F59A-B916-4EC7-AD15-422B7FF19831}.Release|iPhone.Build.0 = Release|Any CPU
		{20B0F59A-B916-4EC7-AD15-422B7FF19831}.Release|iPhone.Deploy.0 = Release|Any CPU
		{20B0F59A-B916-4EC7-AD15-422B7FF19831}.Release|iPhoneSimulator.ActiveCfg = Release|Any CPU
		{20B0F59A-B916-4EC7-AD15-422B7FF19831}.Release|iPhoneSimulator.Build.0 = Release|Any CPU
		{20B0F59A-B916-4EC7-AD15-422B7FF19831}.Release|iPhoneSimulator.Deploy.0 = Release|Any CPU
		{20B0F59A-B916-4EC7-AD15-422B7FF19831}.Release|x64.ActiveCfg = Release|Any CPU
		{20B0F59A-B916-4EC7-AD15-422B7FF19831}.Release|x64.Build.0 = Release|Any CPU
		{20B0F59A-B916-4EC7-AD15-422B7FF19831}.Release|x64.Deploy.0 = Release|Any CPU
		{20B0F59A-B916-4EC7-AD15-422B7FF19831}.Release|x86.ActiveCfg = Release|Any CPU
		{20B0F59A-B916-4EC7-AD15-422B7FF19831}.Release|x86.Build.0 = Release|Any CPU
		{20B0F59A-B916-4EC7-AD15-422B7FF19831}.Release|x86.Deploy.0 = Release|Any CPU
		{FB89F5B6-5DEA-4DA6-9CA1-A0640F4BF82A}.Ad-Hoc|Any CPU.ActiveCfg = Release|Any CPU
		{FB89F5B6-5DEA-4DA6-9CA1-A0640F4BF82A}.Ad-Hoc|Any CPU.Build.0 = Release|Any CPU
		{FB89F5B6-5DEA-4DA6-9CA1-A0640F4BF82A}.Ad-Hoc|ARM.ActiveCfg = Release|Any CPU
		{FB89F5B6-5DEA-4DA6-9CA1-A0640F4BF82A}.Ad-Hoc|ARM.Build.0 = Release|Any CPU
		{FB89F5B6-5DEA-4DA6-9CA1-A0640F4BF82A}.Ad-Hoc|iPhone.ActiveCfg = Release|Any CPU
		{FB89F5B6-5DEA-4DA6-9CA1-A0640F4BF82A}.Ad-Hoc|iPhone.Build.0 = Release|Any CPU
		{FB89F5B6-5DEA-4DA6-9CA1-A0640F4BF82A}.Ad-Hoc|iPhoneSimulator.ActiveCfg = Release|Any CPU
		{FB89F5B6-5DEA-4DA6-9CA1-A0640F4BF82A}.Ad-Hoc|iPhoneSimulator.Build.0 = Release|Any CPU
		{FB89F5B6-5DEA-4DA6-9CA1-A0640F4BF82A}.Ad-Hoc|x64.ActiveCfg = Release|Any CPU
		{FB89F5B6-5DEA-4DA6-9CA1-A0640F4BF82A}.Ad-Hoc|x64.Build.0 = Release|Any CPU
		{FB89F5B6-5DEA-4DA6-9CA1-A0640F4BF82A}.Ad-Hoc|x86.ActiveCfg = Release|Any CPU
		{FB89F5B6-5DEA-4DA6-9CA1-A0640F4BF82A}.Ad-Hoc|x86.Build.0 = Release|Any CPU
		{FB89F5B6-5DEA-4DA6-9CA1-A0640F4BF82A}.AppStore|Any CPU.ActiveCfg = Release|Any CPU
		{FB89F5B6-5DEA-4DA6-9CA1-A0640F4BF82A}.AppStore|Any CPU.Build.0 = Release|Any CPU
		{FB89F5B6-5DEA-4DA6-9CA1-A0640F4BF82A}.AppStore|ARM.ActiveCfg = Release|Any CPU
		{FB89F5B6-5DEA-4DA6-9CA1-A0640F4BF82A}.AppStore|ARM.Build.0 = Release|Any CPU
		{FB89F5B6-5DEA-4DA6-9CA1-A0640F4BF82A}.AppStore|iPhone.ActiveCfg = Release|Any CPU
		{FB89F5B6-5DEA-4DA6-9CA1-A0640F4BF82A}.AppStore|iPhone.Build.0 = Release|Any CPU
		{FB89F5B6-5DEA-4DA6-9CA1-A0640F4BF82A}.AppStore|iPhoneSimulator.ActiveCfg = Release|Any CPU
		{FB89F5B6-5DEA-4DA6-9CA1-A0640F4BF82A}.AppStore|iPhoneSimulator.Build.0 = Release|Any CPU
		{FB89F5B6-5DEA-4DA6-9CA1-A0640F4BF82A}.AppStore|x64.ActiveCfg = Release|Any CPU
		{FB89F5B6-5DEA-4DA6-9CA1-A0640F4BF82A}.AppStore|x64.Build.0 = Release|Any CPU
		{FB89F5B6-5DEA-4DA6-9CA1-A0640F4BF82A}.AppStore|x86.ActiveCfg = Release|Any CPU
		{FB89F5B6-5DEA-4DA6-9CA1-A0640F4BF82A}.AppStore|x86.Build.0 = Release|Any CPU
		{FB89F5B6-5DEA-4DA6-9CA1-A0640F4BF82A}.Debug|Any CPU.ActiveCfg = Debug|Any CPU
		{FB89F5B6-5DEA-4DA6-9CA1-A0640F4BF82A}.Debug|Any CPU.Build.0 = Debug|Any CPU
		{FB89F5B6-5DEA-4DA6-9CA1-A0640F4BF82A}.Debug|ARM.ActiveCfg = Debug|Any CPU
		{FB89F5B6-5DEA-4DA6-9CA1-A0640F4BF82A}.Debug|ARM.Build.0 = Debug|Any CPU
		{FB89F5B6-5DEA-4DA6-9CA1-A0640F4BF82A}.Debug|iPhone.ActiveCfg = Debug|Any CPU
		{FB89F5B6-5DEA-4DA6-9CA1-A0640F4BF82A}.Debug|iPhone.Build.0 = Debug|Any CPU
		{FB89F5B6-5DEA-4DA6-9CA1-A0640F4BF82A}.Debug|iPhoneSimulator.ActiveCfg = Debug|Any CPU
		{FB89F5B6-5DEA-4DA6-9CA1-A0640F4BF82A}.Debug|iPhoneSimulator.Build.0 = Debug|Any CPU
		{FB89F5B6-5DEA-4DA6-9CA1-A0640F4BF82A}.Debug|x64.ActiveCfg = Debug|Any CPU
		{FB89F5B6-5DEA-4DA6-9CA1-A0640F4BF82A}.Debug|x64.Build.0 = Debug|Any CPU
		{FB89F5B6-5DEA-4DA6-9CA1-A0640F4BF82A}.Debug|x86.ActiveCfg = Debug|Any CPU
		{FB89F5B6-5DEA-4DA6-9CA1-A0640F4BF82A}.Debug|x86.Build.0 = Debug|Any CPU
		{FB89F5B6-5DEA-4DA6-9CA1-A0640F4BF82A}.Release|Any CPU.ActiveCfg = Release|Any CPU
		{FB89F5B6-5DEA-4DA6-9CA1-A0640F4BF82A}.Release|Any CPU.Build.0 = Release|Any CPU
		{FB89F5B6-5DEA-4DA6-9CA1-A0640F4BF82A}.Release|ARM.ActiveCfg = Release|Any CPU
		{FB89F5B6-5DEA-4DA6-9CA1-A0640F4BF82A}.Release|ARM.Build.0 = Release|Any CPU
		{FB89F5B6-5DEA-4DA6-9CA1-A0640F4BF82A}.Release|iPhone.ActiveCfg = Release|Any CPU
		{FB89F5B6-5DEA-4DA6-9CA1-A0640F4BF82A}.Release|iPhone.Build.0 = Release|Any CPU
		{FB89F5B6-5DEA-4DA6-9CA1-A0640F4BF82A}.Release|iPhoneSimulator.ActiveCfg = Release|Any CPU
		{FB89F5B6-5DEA-4DA6-9CA1-A0640F4BF82A}.Release|iPhoneSimulator.Build.0 = Release|Any CPU
		{FB89F5B6-5DEA-4DA6-9CA1-A0640F4BF82A}.Release|x64.ActiveCfg = Release|Any CPU
		{FB89F5B6-5DEA-4DA6-9CA1-A0640F4BF82A}.Release|x64.Build.0 = Release|Any CPU
		{FB89F5B6-5DEA-4DA6-9CA1-A0640F4BF82A}.Release|x86.ActiveCfg = Release|Any CPU
		{FB89F5B6-5DEA-4DA6-9CA1-A0640F4BF82A}.Release|x86.Build.0 = Release|Any CPU
		{99FA3656-ABC4-4D61-83B3-CF47214EF223}.Ad-Hoc|Any CPU.ActiveCfg = Release|Any CPU
		{99FA3656-ABC4-4D61-83B3-CF47214EF223}.Ad-Hoc|Any CPU.Build.0 = Release|Any CPU
		{99FA3656-ABC4-4D61-83B3-CF47214EF223}.Ad-Hoc|ARM.ActiveCfg = Release|Any CPU
		{99FA3656-ABC4-4D61-83B3-CF47214EF223}.Ad-Hoc|ARM.Build.0 = Release|Any CPU
		{99FA3656-ABC4-4D61-83B3-CF47214EF223}.Ad-Hoc|iPhone.ActiveCfg = Release|Any CPU
		{99FA3656-ABC4-4D61-83B3-CF47214EF223}.Ad-Hoc|iPhone.Build.0 = Release|Any CPU
		{99FA3656-ABC4-4D61-83B3-CF47214EF223}.Ad-Hoc|iPhoneSimulator.ActiveCfg = Release|Any CPU
		{99FA3656-ABC4-4D61-83B3-CF47214EF223}.Ad-Hoc|iPhoneSimulator.Build.0 = Release|Any CPU
		{99FA3656-ABC4-4D61-83B3-CF47214EF223}.Ad-Hoc|x64.ActiveCfg = Release|Any CPU
		{99FA3656-ABC4-4D61-83B3-CF47214EF223}.Ad-Hoc|x64.Build.0 = Release|Any CPU
		{99FA3656-ABC4-4D61-83B3-CF47214EF223}.Ad-Hoc|x86.ActiveCfg = Release|Any CPU
		{99FA3656-ABC4-4D61-83B3-CF47214EF223}.Ad-Hoc|x86.Build.0 = Release|Any CPU
		{99FA3656-ABC4-4D61-83B3-CF47214EF223}.AppStore|Any CPU.ActiveCfg = Release|Any CPU
		{99FA3656-ABC4-4D61-83B3-CF47214EF223}.AppStore|Any CPU.Build.0 = Release|Any CPU
		{99FA3656-ABC4-4D61-83B3-CF47214EF223}.AppStore|ARM.ActiveCfg = Release|Any CPU
		{99FA3656-ABC4-4D61-83B3-CF47214EF223}.AppStore|ARM.Build.0 = Release|Any CPU
		{99FA3656-ABC4-4D61-83B3-CF47214EF223}.AppStore|iPhone.ActiveCfg = Release|Any CPU
		{99FA3656-ABC4-4D61-83B3-CF47214EF223}.AppStore|iPhone.Build.0 = Release|Any CPU
		{99FA3656-ABC4-4D61-83B3-CF47214EF223}.AppStore|iPhoneSimulator.ActiveCfg = Release|Any CPU
		{99FA3656-ABC4-4D61-83B3-CF47214EF223}.AppStore|iPhoneSimulator.Build.0 = Release|Any CPU
		{99FA3656-ABC4-4D61-83B3-CF47214EF223}.AppStore|x64.ActiveCfg = Release|Any CPU
		{99FA3656-ABC4-4D61-83B3-CF47214EF223}.AppStore|x64.Build.0 = Release|Any CPU
		{99FA3656-ABC4-4D61-83B3-CF47214EF223}.AppStore|x86.ActiveCfg = Release|Any CPU
		{99FA3656-ABC4-4D61-83B3-CF47214EF223}.AppStore|x86.Build.0 = Release|Any CPU
		{99FA3656-ABC4-4D61-83B3-CF47214EF223}.Debug|Any CPU.ActiveCfg = Debug|Any CPU
		{99FA3656-ABC4-4D61-83B3-CF47214EF223}.Debug|Any CPU.Build.0 = Debug|Any CPU
		{99FA3656-ABC4-4D61-83B3-CF47214EF223}.Debug|ARM.ActiveCfg = Debug|Any CPU
		{99FA3656-ABC4-4D61-83B3-CF47214EF223}.Debug|ARM.Build.0 = Debug|Any CPU
		{99FA3656-ABC4-4D61-83B3-CF47214EF223}.Debug|iPhone.ActiveCfg = Debug|Any CPU
		{99FA3656-ABC4-4D61-83B3-CF47214EF223}.Debug|iPhone.Build.0 = Debug|Any CPU
		{99FA3656-ABC4-4D61-83B3-CF47214EF223}.Debug|iPhoneSimulator.ActiveCfg = Debug|Any CPU
		{99FA3656-ABC4-4D61-83B3-CF47214EF223}.Debug|iPhoneSimulator.Build.0 = Debug|Any CPU
		{99FA3656-ABC4-4D61-83B3-CF47214EF223}.Debug|x64.ActiveCfg = Debug|Any CPU
		{99FA3656-ABC4-4D61-83B3-CF47214EF223}.Debug|x64.Build.0 = Debug|Any CPU
		{99FA3656-ABC4-4D61-83B3-CF47214EF223}.Debug|x86.ActiveCfg = Debug|Any CPU
		{99FA3656-ABC4-4D61-83B3-CF47214EF223}.Debug|x86.Build.0 = Debug|Any CPU
		{99FA3656-ABC4-4D61-83B3-CF47214EF223}.Release|Any CPU.ActiveCfg = Release|Any CPU
		{99FA3656-ABC4-4D61-83B3-CF47214EF223}.Release|Any CPU.Build.0 = Release|Any CPU
		{99FA3656-ABC4-4D61-83B3-CF47214EF223}.Release|ARM.ActiveCfg = Release|Any CPU
		{99FA3656-ABC4-4D61-83B3-CF47214EF223}.Release|ARM.Build.0 = Release|Any CPU
		{99FA3656-ABC4-4D61-83B3-CF47214EF223}.Release|iPhone.ActiveCfg = Release|Any CPU
		{99FA3656-ABC4-4D61-83B3-CF47214EF223}.Release|iPhone.Build.0 = Release|Any CPU
		{99FA3656-ABC4-4D61-83B3-CF47214EF223}.Release|iPhoneSimulator.ActiveCfg = Release|Any CPU
		{99FA3656-ABC4-4D61-83B3-CF47214EF223}.Release|iPhoneSimulator.Build.0 = Release|Any CPU
		{99FA3656-ABC4-4D61-83B3-CF47214EF223}.Release|x64.ActiveCfg = Release|Any CPU
		{99FA3656-ABC4-4D61-83B3-CF47214EF223}.Release|x64.Build.0 = Release|Any CPU
		{99FA3656-ABC4-4D61-83B3-CF47214EF223}.Release|x86.ActiveCfg = Release|Any CPU
		{99FA3656-ABC4-4D61-83B3-CF47214EF223}.Release|x86.Build.0 = Release|Any CPU
		{19343F63-88D8-457F-8005-1511C0086186}.Ad-Hoc|Any CPU.ActiveCfg = Release|Any CPU
		{19343F63-88D8-457F-8005-1511C0086186}.Ad-Hoc|Any CPU.Build.0 = Release|Any CPU
		{19343F63-88D8-457F-8005-1511C0086186}.Ad-Hoc|ARM.ActiveCfg = Release|Any CPU
		{19343F63-88D8-457F-8005-1511C0086186}.Ad-Hoc|ARM.Build.0 = Release|Any CPU
		{19343F63-88D8-457F-8005-1511C0086186}.Ad-Hoc|iPhone.ActiveCfg = Release|Any CPU
		{19343F63-88D8-457F-8005-1511C0086186}.Ad-Hoc|iPhone.Build.0 = Release|Any CPU
		{19343F63-88D8-457F-8005-1511C0086186}.Ad-Hoc|iPhoneSimulator.ActiveCfg = Release|Any CPU
		{19343F63-88D8-457F-8005-1511C0086186}.Ad-Hoc|iPhoneSimulator.Build.0 = Release|Any CPU
		{19343F63-88D8-457F-8005-1511C0086186}.Ad-Hoc|x64.ActiveCfg = Release|Any CPU
		{19343F63-88D8-457F-8005-1511C0086186}.Ad-Hoc|x64.Build.0 = Release|Any CPU
		{19343F63-88D8-457F-8005-1511C0086186}.Ad-Hoc|x86.ActiveCfg = Release|Any CPU
		{19343F63-88D8-457F-8005-1511C0086186}.Ad-Hoc|x86.Build.0 = Release|Any CPU
		{19343F63-88D8-457F-8005-1511C0086186}.AppStore|Any CPU.ActiveCfg = Release|Any CPU
		{19343F63-88D8-457F-8005-1511C0086186}.AppStore|Any CPU.Build.0 = Release|Any CPU
		{19343F63-88D8-457F-8005-1511C0086186}.AppStore|ARM.ActiveCfg = Release|Any CPU
		{19343F63-88D8-457F-8005-1511C0086186}.AppStore|ARM.Build.0 = Release|Any CPU
		{19343F63-88D8-457F-8005-1511C0086186}.AppStore|iPhone.ActiveCfg = Release|Any CPU
		{19343F63-88D8-457F-8005-1511C0086186}.AppStore|iPhone.Build.0 = Release|Any CPU
		{19343F63-88D8-457F-8005-1511C0086186}.AppStore|iPhoneSimulator.ActiveCfg = Release|Any CPU
		{19343F63-88D8-457F-8005-1511C0086186}.AppStore|iPhoneSimulator.Build.0 = Release|Any CPU
		{19343F63-88D8-457F-8005-1511C0086186}.AppStore|x64.ActiveCfg = Release|Any CPU
		{19343F63-88D8-457F-8005-1511C0086186}.AppStore|x64.Build.0 = Release|Any CPU
		{19343F63-88D8-457F-8005-1511C0086186}.AppStore|x86.ActiveCfg = Release|Any CPU
		{19343F63-88D8-457F-8005-1511C0086186}.AppStore|x86.Build.0 = Release|Any CPU
		{19343F63-88D8-457F-8005-1511C0086186}.Debug|Any CPU.ActiveCfg = Debug|Any CPU
		{19343F63-88D8-457F-8005-1511C0086186}.Debug|Any CPU.Build.0 = Debug|Any CPU
		{19343F63-88D8-457F-8005-1511C0086186}.Debug|ARM.ActiveCfg = Debug|Any CPU
		{19343F63-88D8-457F-8005-1511C0086186}.Debug|ARM.Build.0 = Debug|Any CPU
		{19343F63-88D8-457F-8005-1511C0086186}.Debug|iPhone.ActiveCfg = Debug|Any CPU
		{19343F63-88D8-457F-8005-1511C0086186}.Debug|iPhone.Build.0 = Debug|Any CPU
		{19343F63-88D8-457F-8005-1511C0086186}.Debug|iPhoneSimulator.ActiveCfg = Debug|Any CPU
		{19343F63-88D8-457F-8005-1511C0086186}.Debug|iPhoneSimulator.Build.0 = Debug|Any CPU
		{19343F63-88D8-457F-8005-1511C0086186}.Debug|x64.ActiveCfg = Debug|Any CPU
		{19343F63-88D8-457F-8005-1511C0086186}.Debug|x64.Build.0 = Debug|Any CPU
		{19343F63-88D8-457F-8005-1511C0086186}.Debug|x86.ActiveCfg = Debug|Any CPU
		{19343F63-88D8-457F-8005-1511C0086186}.Debug|x86.Build.0 = Debug|Any CPU
		{19343F63-88D8-457F-8005-1511C0086186}.Release|Any CPU.ActiveCfg = Release|Any CPU
		{19343F63-88D8-457F-8005-1511C0086186}.Release|Any CPU.Build.0 = Release|Any CPU
		{19343F63-88D8-457F-8005-1511C0086186}.Release|ARM.ActiveCfg = Release|Any CPU
		{19343F63-88D8-457F-8005-1511C0086186}.Release|ARM.Build.0 = Release|Any CPU
		{19343F63-88D8-457F-8005-1511C0086186}.Release|iPhone.ActiveCfg = Release|Any CPU
		{19343F63-88D8-457F-8005-1511C0086186}.Release|iPhone.Build.0 = Release|Any CPU
		{19343F63-88D8-457F-8005-1511C0086186}.Release|iPhoneSimulator.ActiveCfg = Release|Any CPU
		{19343F63-88D8-457F-8005-1511C0086186}.Release|iPhoneSimulator.Build.0 = Release|Any CPU
		{19343F63-88D8-457F-8005-1511C0086186}.Release|x64.ActiveCfg = Release|Any CPU
		{19343F63-88D8-457F-8005-1511C0086186}.Release|x64.Build.0 = Release|Any CPU
		{19343F63-88D8-457F-8005-1511C0086186}.Release|x86.ActiveCfg = Release|Any CPU
		{19343F63-88D8-457F-8005-1511C0086186}.Release|x86.Build.0 = Release|Any CPU
		{E8512D40-8F01-4D1C-9CD9-9EF79170A9B9}.Ad-Hoc|Any CPU.ActiveCfg = Release|Any CPU
		{E8512D40-8F01-4D1C-9CD9-9EF79170A9B9}.Ad-Hoc|Any CPU.Build.0 = Release|Any CPU
		{E8512D40-8F01-4D1C-9CD9-9EF79170A9B9}.Ad-Hoc|ARM.ActiveCfg = Release|Any CPU
		{E8512D40-8F01-4D1C-9CD9-9EF79170A9B9}.Ad-Hoc|ARM.Build.0 = Release|Any CPU
		{E8512D40-8F01-4D1C-9CD9-9EF79170A9B9}.Ad-Hoc|iPhone.ActiveCfg = Release|Any CPU
		{E8512D40-8F01-4D1C-9CD9-9EF79170A9B9}.Ad-Hoc|iPhone.Build.0 = Release|Any CPU
		{E8512D40-8F01-4D1C-9CD9-9EF79170A9B9}.Ad-Hoc|iPhoneSimulator.ActiveCfg = Release|Any CPU
		{E8512D40-8F01-4D1C-9CD9-9EF79170A9B9}.Ad-Hoc|iPhoneSimulator.Build.0 = Release|Any CPU
		{E8512D40-8F01-4D1C-9CD9-9EF79170A9B9}.Ad-Hoc|x64.ActiveCfg = Release|Any CPU
		{E8512D40-8F01-4D1C-9CD9-9EF79170A9B9}.Ad-Hoc|x64.Build.0 = Release|Any CPU
		{E8512D40-8F01-4D1C-9CD9-9EF79170A9B9}.Ad-Hoc|x86.ActiveCfg = Release|Any CPU
		{E8512D40-8F01-4D1C-9CD9-9EF79170A9B9}.Ad-Hoc|x86.Build.0 = Release|Any CPU
		{E8512D40-8F01-4D1C-9CD9-9EF79170A9B9}.AppStore|Any CPU.ActiveCfg = Release|Any CPU
		{E8512D40-8F01-4D1C-9CD9-9EF79170A9B9}.AppStore|Any CPU.Build.0 = Release|Any CPU
		{E8512D40-8F01-4D1C-9CD9-9EF79170A9B9}.AppStore|ARM.ActiveCfg = Release|Any CPU
		{E8512D40-8F01-4D1C-9CD9-9EF79170A9B9}.AppStore|ARM.Build.0 = Release|Any CPU
		{E8512D40-8F01-4D1C-9CD9-9EF79170A9B9}.AppStore|iPhone.ActiveCfg = Release|Any CPU
		{E8512D40-8F01-4D1C-9CD9-9EF79170A9B9}.AppStore|iPhone.Build.0 = Release|Any CPU
		{E8512D40-8F01-4D1C-9CD9-9EF79170A9B9}.AppStore|iPhoneSimulator.ActiveCfg = Release|Any CPU
		{E8512D40-8F01-4D1C-9CD9-9EF79170A9B9}.AppStore|iPhoneSimulator.Build.0 = Release|Any CPU
		{E8512D40-8F01-4D1C-9CD9-9EF79170A9B9}.AppStore|x64.ActiveCfg = Release|Any CPU
		{E8512D40-8F01-4D1C-9CD9-9EF79170A9B9}.AppStore|x64.Build.0 = Release|Any CPU
		{E8512D40-8F01-4D1C-9CD9-9EF79170A9B9}.AppStore|x86.ActiveCfg = Release|Any CPU
		{E8512D40-8F01-4D1C-9CD9-9EF79170A9B9}.AppStore|x86.Build.0 = Release|Any CPU
		{E8512D40-8F01-4D1C-9CD9-9EF79170A9B9}.Debug|Any CPU.ActiveCfg = Debug|Any CPU
		{E8512D40-8F01-4D1C-9CD9-9EF79170A9B9}.Debug|Any CPU.Build.0 = Debug|Any CPU
		{E8512D40-8F01-4D1C-9CD9-9EF79170A9B9}.Debug|ARM.ActiveCfg = Debug|Any CPU
		{E8512D40-8F01-4D1C-9CD9-9EF79170A9B9}.Debug|ARM.Build.0 = Debug|Any CPU
		{E8512D40-8F01-4D1C-9CD9-9EF79170A9B9}.Debug|iPhone.ActiveCfg = Debug|Any CPU
		{E8512D40-8F01-4D1C-9CD9-9EF79170A9B9}.Debug|iPhone.Build.0 = Debug|Any CPU
		{E8512D40-8F01-4D1C-9CD9-9EF79170A9B9}.Debug|iPhoneSimulator.ActiveCfg = Debug|Any CPU
		{E8512D40-8F01-4D1C-9CD9-9EF79170A9B9}.Debug|iPhoneSimulator.Build.0 = Debug|Any CPU
		{E8512D40-8F01-4D1C-9CD9-9EF79170A9B9}.Debug|x64.ActiveCfg = Debug|Any CPU
		{E8512D40-8F01-4D1C-9CD9-9EF79170A9B9}.Debug|x64.Build.0 = Debug|Any CPU
		{E8512D40-8F01-4D1C-9CD9-9EF79170A9B9}.Debug|x86.ActiveCfg = Debug|Any CPU
		{E8512D40-8F01-4D1C-9CD9-9EF79170A9B9}.Debug|x86.Build.0 = Debug|Any CPU
		{E8512D40-8F01-4D1C-9CD9-9EF79170A9B9}.Release|Any CPU.ActiveCfg = Release|Any CPU
		{E8512D40-8F01-4D1C-9CD9-9EF79170A9B9}.Release|Any CPU.Build.0 = Release|Any CPU
		{E8512D40-8F01-4D1C-9CD9-9EF79170A9B9}.Release|ARM.ActiveCfg = Release|Any CPU
		{E8512D40-8F01-4D1C-9CD9-9EF79170A9B9}.Release|ARM.Build.0 = Release|Any CPU
		{E8512D40-8F01-4D1C-9CD9-9EF79170A9B9}.Release|iPhone.ActiveCfg = Release|Any CPU
		{E8512D40-8F01-4D1C-9CD9-9EF79170A9B9}.Release|iPhone.Build.0 = Release|Any CPU
		{E8512D40-8F01-4D1C-9CD9-9EF79170A9B9}.Release|iPhoneSimulator.ActiveCfg = Release|Any CPU
		{E8512D40-8F01-4D1C-9CD9-9EF79170A9B9}.Release|iPhoneSimulator.Build.0 = Release|Any CPU
		{E8512D40-8F01-4D1C-9CD9-9EF79170A9B9}.Release|x64.ActiveCfg = Release|Any CPU
		{E8512D40-8F01-4D1C-9CD9-9EF79170A9B9}.Release|x64.Build.0 = Release|Any CPU
		{E8512D40-8F01-4D1C-9CD9-9EF79170A9B9}.Release|x86.ActiveCfg = Release|Any CPU
		{E8512D40-8F01-4D1C-9CD9-9EF79170A9B9}.Release|x86.Build.0 = Release|Any CPU
	EndGlobalSection
	GlobalSection(SolutionProperties) = preSolution
		HideSolutionNode = FALSE
	EndGlobalSection
	GlobalSection(ExtensibilityGlobals) = postSolution
		SolutionGuid = {C4ECB65F-1DDF-4391-A0BB-288B19EC0A09}
	EndGlobalSection
EndGlobal
